
Microsoft Visual Studio Solution File, Format Version 12.00
# Visual Studio Version 17
VisualStudioVersion = 17.3.32804.467
MinimumVisualStudioVersion = 10.0.40219.1
Project("{9A19103F-16F7-4668-BE54-9A1E7A4F7556}") = "ProductSale", "ProductSale.csproj", "{0C85630D-BFED-49E8-9ED3-F40CE037E8DA}"
EndProject
Project("{E53339B2-1760-4266-BCC7-CA923CBCF16C}") = "docker-compose", "docker-compose.dcproj", "{2247452F-2B02-45EE-877F-898AA535A95E}"
EndProject
Global
	GlobalSection(SolutionConfigurationPlatforms) = preSolution
		Debug|Any CPU = Debug|Any CPU
		Release|Any CPU = Release|Any CPU
	EndGlobalSection
	GlobalSection(ProjectConfigurationPlatforms) = postSolution
		{0C85630D-BFED-49E8-9ED3-F40CE037E8DA}.Debug|Any CPU.ActiveCfg = Debug|Any CPU
		{0C85630D-BFED-49E8-9ED3-F40CE037E8DA}.Debug|Any CPU.Build.0 = Debug|Any CPU
		{0C85630D-BFED-49E8-9ED3-F40CE037E8DA}.Release|Any CPU.ActiveCfg = Release|Any CPU
		{0C85630D-BFED-49E8-9ED3-F40CE037E8DA}.Release|Any CPU.Build.0 = Release|Any CPU
		{2247452F-2B02-45EE-877F-898AA535A95E}.Debug|Any CPU.ActiveCfg = Debug|Any CPU
		{2247452F-2B02-45EE-877F-898AA535A95E}.Debug|Any CPU.Build.0 = Debug|Any CPU
		{2247452F-2B02-45EE-877F-898AA535A95E}.Release|Any CPU.ActiveCfg = Release|Any CPU
		{2247452F-2B02-45EE-877F-898AA535A95E}.Release|Any CPU.Build.0 = Release|Any CPU
		{771E7F23-27E2-48CD-9F57-6373FD00DD7D}.Debug|Any CPU.ActiveCfg = Debug|Any CPU
		{771E7F23-27E2-48CD-9F57-6373FD00DD7D}.Debug|Any CPU.Build.0 = Debug|Any CPU
		{771E7F23-27E2-48CD-9F57-6373FD00DD7D}.Release|Any CPU.ActiveCfg = Release|Any CPU
		{771E7F23-27E2-48CD-9F57-6373FD00DD7D}.Release|Any CPU.Build.0 = Release|Any CPU
	EndGlobalSection
	GlobalSection(SolutionProperties) = preSolution
		HideSolutionNode = FALSE
	EndGlobalSection
	GlobalSection(ExtensibilityGlobals) = postSolution
		SolutionGuid = {74CE937F-F953-4E9F-AC95-6E5DC8B0F804}
	EndGlobalSection
EndGlobal
